
Microsoft Visual Studio Solution File, Format Version 12.00
# Visual Studio 2012
Project("{FAE04EC0-301F-11D3-BF4B-00C04F79EFBC}") = "CircuitSimulater", "CircuitSimulater\CircuitSimulater.csproj", "{A7B775F0-3AFB-4B90-A177-521F24ECD220}"
EndProject
Global
	GlobalSection(SolutionConfigurationPlatforms) = preSolution
		Debug|Any CPU = Debug|Any CPU
		Release|Any CPU = Release|Any CPU
	EndGlobalSection
	GlobalSection(ProjectConfigurationPlatforms) = postSolution
		{A7B775F0-3AFB-4B90-A177-521F24ECD220}.Debug|Any CPU.ActiveCfg = Debug|Any CPU
		{A7B775F0-3AFB-4B90-A177-521F24ECD220}.Debug|Any CPU.Build.0 = Debug|Any CPU
		{A7B775F0-3AFB-4B90-A177-521F24ECD220}.Release|Any CPU.ActiveCfg = Release|Any CPU
		{A7B775F0-3AFB-4B90-A177-521F24ECD220}.Release|Any CPU.Build.0 = Release|Any CPU
	EndGlobalSection
	GlobalSection(SolutionProperties) = preSolution
		HideSolutionNode = FALSE
	EndGlobalSection
EndGlobal
